
Microsoft Visual Studio Solution File, Format Version 12.00
# Visual Studio Version 16
VisualStudioVersion = 16.0.30413.136
MinimumVisualStudioVersion = 10.0.40219.1
Project("{FAE04EC0-301F-11D3-BF4B-00C04F79EFBC}") = "OperatorExercise", "OperatorExercise.csproj", "{0480F974-B495-4AE6-96D1-CF15A5A4FB20}"
EndProject
Global
	GlobalSection(SolutionConfigurationPlatforms) = preSolution
		Debug|Any CPU = Debug|Any CPU
		Release|Any CPU = Release|Any CPU
	EndGlobalSection
	GlobalSection(ProjectConfigurationPlatforms) = postSolution
		{0480F974-B495-4AE6-96D1-CF15A5A4FB20}.Debug|Any CPU.ActiveCfg = Debug|Any CPU
		{0480F974-B495-4AE6-96D1-CF15A5A4FB20}.Debug|Any CPU.Build.0 = Debug|Any CPU
		{0480F974-B495-4AE6-96D1-CF15A5A4FB20}.Release|Any CPU.ActiveCfg = Release|Any CPU
		{0480F974-B495-4AE6-96D1-CF15A5A4FB20}.Release|Any CPU.Build.0 = Release|Any CPU
	EndGlobalSection
	GlobalSection(SolutionProperties) = preSolution
		HideSolutionNode = FALSE
	EndGlobalSection
	GlobalSection(ExtensibilityGlobals) = postSolution
		SolutionGuid = {C19B6258-A5DF-4DEE-8A8B-D96B73D80834}
	EndGlobalSection
EndGlobal
